
Microsoft Visual Studio Solution File, Format Version 12.00
# Visual Studio Version 16
VisualStudioVersion = 16.0.28803.202
MinimumVisualStudioVersion = 10.0.40219.1
Project("{FAE04EC0-301F-11D3-BF4B-00C04F79EFBC}") = "ExtensionMethod", "ExtensionMethod\ExtensionMethod.csproj", "{FE8491F9-6BF6-4B1D-A133-61F780F89070}"
EndProject
Global
	GlobalSection(SolutionConfigurationPlatforms) = preSolution
		Debug|Any CPU = Debug|Any CPU
		Release|Any CPU = Release|Any CPU
	EndGlobalSection
	GlobalSection(ProjectConfigurationPlatforms) = postSolution
		{FE8491F9-6BF6-4B1D-A133-61F780F89070}.Debug|Any CPU.ActiveCfg = Debug|Any CPU
		{FE8491F9-6BF6-4B1D-A133-61F780F89070}.Debug|Any CPU.Build.0 = Debug|Any CPU
		{FE8491F9-6BF6-4B1D-A133-61F780F89070}.Release|Any CPU.ActiveCfg = Release|Any CPU
		{FE8491F9-6BF6-4B1D-A133-61F780F89070}.Release|Any CPU.Build.0 = Release|Any CPU
	EndGlobalSection
	GlobalSection(SolutionProperties) = preSolution
		HideSolutionNode = FALSE
	EndGlobalSection
	GlobalSection(ExtensibilityGlobals) = postSolution
		SolutionGuid = {A6F7087B-EBB8-4AD7-9BEC-9AAACB507B5D}
	EndGlobalSection
EndGlobal
